// !$*UTF8*$!
{
	archiveVersion = 1;
	classes = {
	};
	objectVersion = 56;
	objects = {

/* Begin PBXBuildFile section */
		AE5905C02BF670CD007B0E1F /* TinyLlamaApp.swift in Sources */ = {isa = PBXBuildFile; fileRef = AE5905BF2BF670CD007B0E1F /* TinyLlamaApp.swift */; };
		AE5905C22BF670CD007B0E1F /* ContentView.swift in Sources */ = {isa = PBXBuildFile; fileRef = AE5905C12BF670CD007B0E1F /* ContentView.swift */; };
		AE5905C42BF670CD007B0E1F /* Item.swift in Sources */ = {isa = PBXBuildFile; fileRef = AE5905C32BF670CD007B0E1F /* Item.swift */; };
		AE5905C62BF670CE007B0E1F /* Assets.xcassets in Resources */ = {isa = PBXBuildFile; fileRef = AE5905C52BF670CE007B0E1F /* Assets.xcassets */; };
		AE5905CA2BF670CE007B0E1F /* Preview Assets.xcassets in Resources */ = {isa = PBXBuildFile; fileRef = AE5905C92BF670CE007B0E1F /* Preview Assets.xcassets */; };
		AE5905ED2BF6933F007B0E1F /* BonjourResolver.swift in Sources */ = {isa = PBXBuildFile; fileRef = AE5905EC2BF6933F007B0E1F /* BonjourResolver.swift */; };
		AE5905F52BF6B783007B0E1F /* AsyncDNSResolver in Frameworks */ = {isa = PBXBuildFile; productRef = AE5905F42BF6B783007B0E1F /* AsyncDNSResolver */; };
/* End PBXBuildFile section */

/* Begin PBXFileReference section */
		AE5905BC2BF670CD007B0E1F /* TinyLlama.app */ = {isa = PBXFileReference; explicitFileType = wrapper.application; includeInIndex = 0; path = TinyLlama.app; sourceTree = BUILT_PRODUCTS_DIR; };
		AE5905BF2BF670CD007B0E1F /* TinyLlamaApp.swift */ = {isa = PBXFileReference; lastKnownFileType = sourcecode.swift; path = TinyLlamaApp.swift; sourceTree = "<group>"; };
		AE5905C12BF670CD007B0E1F /* ContentView.swift */ = {isa = PBXFileReference; lastKnownFileType = sourcecode.swift; path = ContentView.swift; sourceTree = "<group>"; };
		AE5905C32BF670CD007B0E1F /* Item.swift */ = {isa = PBXFileReference; lastKnownFileType = sourcecode.swift; path = Item.swift; sourceTree = "<group>"; };
		AE5905C52BF670CE007B0E1F /* Assets.xcassets */ = {isa = PBXFileReference; lastKnownFileType = folder.assetcatalog; path = Assets.xcassets; sourceTree = "<group>"; };
		AE5905C72BF670CE007B0E1F /* TinyLlama.entitlements */ = {isa = PBXFileReference; lastKnownFileType = text.plist.entitlements; path = TinyLlama.entitlements; sourceTree = "<group>"; };
		AE5905C92BF670CE007B0E1F /* Preview Assets.xcassets */ = {isa = PBXFileReference; lastKnownFileType = folder.assetcatalog; path = "Preview Assets.xcassets"; sourceTree = "<group>"; };
		AE5905EC2BF6933F007B0E1F /* BonjourResolver.swift */ = {isa = PBXFileReference; lastKnownFileType = sourcecode.swift; path = BonjourResolver.swift; sourceTree = "<group>"; };
		AE5905F02BF69D7D007B0E1F /* Info.plist */ = {isa = PBXFileReference; lastKnownFileType = text.plist; path = Info.plist; sourceTree = "<group>"; };
/* End PBXFileReference section */

/* Begin PBXFrameworksBuildPhase section */
		AE5905B92BF670CD007B0E1F /* Frameworks */ = {
			isa = PBXFrameworksBuildPhase;
			buildActionMask = 2147483647;
			files = (
				AE5905F52BF6B783007B0E1F /* AsyncDNSResolver in Frameworks */,
			);
			runOnlyForDeploymentPostprocessing = 0;
		};
/* End PBXFrameworksBuildPhase section */

/* Begin PBXGroup section */
		AE5905B32BF670CD007B0E1F = {
			isa = PBXGroup;
			children = (
				AE5905BE2BF670CD007B0E1F /* TinyLlama */,
				AE5905BD2BF670CD007B0E1F /* Products */,
			);
			sourceTree = "<group>";
		};
		AE5905BD2BF670CD007B0E1F /* Products */ = {
			isa = PBXGroup;
			children = (
				AE5905BC2BF670CD007B0E1F /* TinyLlama.app */,
			);
			name = Products;
			sourceTree = "<group>";
		};
		AE5905BE2BF670CD007B0E1F /* TinyLlama */ = {
			isa = PBXGroup;
			children = (
				AE5905F02BF69D7D007B0E1F /* Info.plist */,
				AE5905BF2BF670CD007B0E1F /* TinyLlamaApp.swift */,
				AE5905C12BF670CD007B0E1F /* ContentView.swift */,
				AE5905C32BF670CD007B0E1F /* Item.swift */,
				AE5905C52BF670CE007B0E1F /* Assets.xcassets */,
				AE5905C72BF670CE007B0E1F /* TinyLlama.entitlements */,
				AE5905C82BF670CE007B0E1F /* Preview Content */,
				AE5905EC2BF6933F007B0E1F /* BonjourResolver.swift */,
			);
			path = TinyLlama;
			sourceTree = "<group>";
		};
		AE5905C82BF670CE007B0E1F /* Preview Content */ = {
			isa = PBXGroup;
			children = (
				AE5905C92BF670CE007B0E1F /* Preview Assets.xcassets */,
			);
			path = "Preview Content";
			sourceTree = "<group>";
		};
/* End PBXGroup section */

/* Begin PBXNativeTarget section */
		AE5905BB2BF670CD007B0E1F /* TinyLlama */ = {
			isa = PBXNativeTarget;
			buildConfigurationList = AE5905E32BF670CE007B0E1F /* Build configuration list for PBXNativeTarget "TinyLlama" */;
			buildPhases = (
				AE5905B82BF670CD007B0E1F /* Sources */,
				AE5905B92BF670CD007B0E1F /* Frameworks */,
				AE5905BA2BF670CD007B0E1F /* Resources */,
			);
			buildRules = (
			);
			dependencies = (
			);
			name = TinyLlama;
			packageProductDependencies = (
				AE5905F42BF6B783007B0E1F /* AsyncDNSResolver */,
			);
			productName = TinyLlama;
			productReference = AE5905BC2BF670CD007B0E1F /* TinyLlama.app */;
			productType = "com.apple.product-type.application";
		};
/* End PBXNativeTarget section */

/* Begin PBXProject section */
		AE5905B42BF670CD007B0E1F /* Project object */ = {
			isa = PBXProject;
			attributes = {
				BuildIndependentTargetsInParallel = 1;
				LastSwiftUpdateCheck = 1540;
				LastUpgradeCheck = 1540;
				TargetAttributes = {
					AE5905BB2BF670CD007B0E1F = {
						CreatedOnToolsVersion = 15.4;
					};
				};
			};
			buildConfigurationList = AE5905B72BF670CD007B0E1F /* Build configuration list for PBXProject "TinyLlama" */;
			compatibilityVersion = "Xcode 14.0";
			developmentRegion = en;
			hasScannedForEncodings = 0;
			knownRegions = (
				en,
				Base,
			);
			mainGroup = AE5905B32BF670CD007B0E1F;
			packageReferences = (
				AE5905F32BF6B783007B0E1F /* XCRemoteSwiftPackageReference "swift-async-dns-resolver" */,
			);
			productRefGroup = AE5905BD2BF670CD007B0E1F /* Products */;
			projectDirPath = "";
			projectRoot = "";
			targets = (
				AE5905BB2BF670CD007B0E1F /* TinyLlama */,
			);
		};
/* End PBXProject section */

/* Begin PBXResourcesBuildPhase section */
		AE5905BA2BF670CD007B0E1F /* Resources */ = {
			isa = PBXResourcesBuildPhase;
			buildActionMask = 2147483647;
			files = (
				AE5905CA2BF670CE007B0E1F /* Preview Assets.xcassets in Resources */,
				AE5905C62BF670CE007B0E1F /* Assets.xcassets in Resources */,
			);
			runOnlyForDeploymentPostprocessing = 0;
		};
/* End PBXResourcesBuildPhase section */

/* Begin PBXSourcesBuildPhase section */
		AE5905B82BF670CD007B0E1F /* Sources */ = {
			isa = PBXSourcesBuildPhase;
			buildActionMask = 2147483647;
			files = (
				AE5905C22BF670CD007B0E1F /* ContentView.swift in Sources */,
				AE5905ED2BF6933F007B0E1F /* BonjourResolver.swift in Sources */,
				AE5905C42BF670CD007B0E1F /* Item.swift in Sources */,
				AE5905C02BF670CD007B0E1F /* TinyLlamaApp.swift in Sources */,
			);
			runOnlyForDeploymentPostprocessing = 0;
		};
/* End PBXSourcesBuildPhase section */

/* Begin XCBuildConfiguration section */
		AE5905E12BF670CE007B0E1F /* Debug */ = {
			isa = XCBuildConfiguration;
			buildSettings = {
				ALWAYS_SEARCH_USER_PATHS = NO;
				ASSETCATALOG_COMPILER_GENERATE_SWIFT_ASSET_SYMBOL_EXTENSIONS = YES;
				CLANG_ANALYZER_NONNULL = YES;
				CLANG_ANALYZER_NUMBER_OBJECT_CONVERSION = YES_AGGRESSIVE;
				CLANG_CXX_LANGUAGE_STANDARD = "gnu++20";
				CLANG_ENABLE_MODULES = YES;
				CLANG_ENABLE_OBJC_ARC = YES;
				CLANG_ENABLE_OBJC_WEAK = YES;
				CLANG_WARN_BLOCK_CAPTURE_AUTORELEASING = YES;
				CLANG_WARN_BOOL_CONVERSION = YES;
				CLANG_WARN_COMMA = YES;
				CLANG_WARN_CONSTANT_CONVERSION = YES;
				CLANG_WARN_DEPRECATED_OBJC_IMPLEMENTATIONS = YES;
				CLANG_WARN_DIRECT_OBJC_ISA_USAGE = YES_ERROR;
				CLANG_WARN_DOCUMENTATION_COMMENTS = YES;
				CLANG_WARN_EMPTY_BODY = YES;
				CLANG_WARN_ENUM_CONVERSION = YES;
				CLANG_WARN_INFINITE_RECURSION = YES;
				CLANG_WARN_INT_CONVERSION = YES;
				CLANG_WARN_NON_LITERAL_NULL_CONVERSION = YES;
				CLANG_WARN_OBJC_IMPLICIT_RETAIN_SELF = YES;
				CLANG_WARN_OBJC_LITERAL_CONVERSION = YES;
				CLANG_WARN_OBJC_ROOT_CLASS = YES_ERROR;
				CLANG_WARN_QUOTED_INCLUDE_IN_FRAMEWORK_HEADER = YES;
				CLANG_WARN_RANGE_LOOP_ANALYSIS = YES;
				CLANG_WARN_STRICT_PROTOTYPES = YES;
				CLANG_WARN_SUSPICIOUS_MOVE = YES;
				CLANG_WARN_UNGUARDED_AVAILABILITY = YES_AGGRESSIVE;
				CLANG_WARN_UNREACHABLE_CODE = YES;
				CLANG_WARN__DUPLICATE_METHOD_MATCH = YES;
				COPY_PHASE_STRIP = NO;
				DEBUG_INFORMATION_FORMAT = dwarf;
				ENABLE_STRICT_OBJC_MSGSEND = YES;
				ENABLE_TESTABILITY = YES;
				ENABLE_USER_SCRIPT_SANDBOXING = YES;
				GCC_C_LANGUAGE_STANDARD = gnu17;
				GCC_DYNAMIC_NO_PIC = NO;
				GCC_NO_COMMON_BLOCKS = YES;
				GCC_OPTIMIZATION_LEVEL = 0;
				GCC_PREPROCESSOR_DEFINITIONS = (
					"DEBUG=1",
					"$(inherited)",
				);
				GCC_WARN_64_TO_32_BIT_CONVERSION = YES;
				GCC_WARN_ABOUT_RETURN_TYPE = YES_ERROR;
				GCC_WARN_UNDECLARED_SELECTOR = YES;
				GCC_WARN_UNINITIALIZED_AUTOS = YES_AGGRESSIVE;
				GCC_WARN_UNUSED_FUNCTION = YES;
				GCC_WARN_UNUSED_VARIABLE = YES;
				LOCALIZATION_PREFERS_STRING_CATALOGS = YES;
				MTL_ENABLE_DEBUG_INFO = INCLUDE_SOURCE;
				MTL_FAST_MATH = YES;
				ONLY_ACTIVE_ARCH = YES;
				SUPPORTED_PLATFORMS = "iphonesimulator iphoneos";
				SWIFT_ACTIVE_COMPILATION_CONDITIONS = "DEBUG $(inherited)";
				SWIFT_OPTIMIZATION_LEVEL = "-Onone";
			};
			name = Debug;
		};
		AE5905E22BF670CE007B0E1F /* Release */ = {
			isa = XCBuildConfiguration;
			buildSettings = {
				ALWAYS_SEARCH_USER_PATHS = NO;
				ASSETCATALOG_COMPILER_GENERATE_SWIFT_ASSET_SYMBOL_EXTENSIONS = YES;
				CLANG_ANALYZER_NONNULL = YES;
				CLANG_ANALYZER_NUMBER_OBJECT_CONVERSION = YES_AGGRESSIVE;
				CLANG_CXX_LANGUAGE_STANDARD = "gnu++20";
				CLANG_ENABLE_MODULES = YES;
				CLANG_ENABLE_OBJC_ARC = YES;
				CLANG_ENABLE_OBJC_WEAK = YES;
				CLANG_WARN_BLOCK_CAPTURE_AUTORELEASING = YES;
				CLANG_WARN_BOOL_CONVERSION = YES;
				CLANG_WARN_COMMA = YES;
				CLANG_WARN_CONSTANT_CONVERSION = YES;
				CLANG_WARN_DEPRECATED_OBJC_IMPLEMENTATIONS = YES;
				CLANG_WARN_DIRECT_OBJC_ISA_USAGE = YES_ERROR;
				CLANG_WARN_DOCUMENTATION_COMMENTS = YES;
				CLANG_WARN_EMPTY_BODY = YES;
				CLANG_WARN_ENUM_CONVERSION = YES;
				CLANG_WARN_INFINITE_RECURSION = YES;
				CLANG_WARN_INT_CONVERSION = YES;
				CLANG_WARN_NON_LITERAL_NULL_CONVERSION = YES;
				CLANG_WARN_OBJC_IMPLICIT_RETAIN_SELF = YES;
				CLANG_WARN_OBJC_LITERAL_CONVERSION = YES;
				CLANG_WARN_OBJC_ROOT_CLASS = YES_ERROR;
				CLANG_WARN_QUOTED_INCLUDE_IN_FRAMEWORK_HEADER = YES;
				CLANG_WARN_RANGE_LOOP_ANALYSIS = YES;
				CLANG_WARN_STRICT_PROTOTYPES = YES;
				CLANG_WARN_SUSPICIOUS_MOVE = YES;
				CLANG_WARN_UNGUARDED_AVAILABILITY = YES_AGGRESSIVE;
				CLANG_WARN_UNREACHABLE_CODE = YES;
				CLANG_WARN__DUPLICATE_METHOD_MATCH = YES;
				COPY_PHASE_STRIP = NO;
				DEBUG_INFORMATION_FORMAT = "dwarf-with-dsym";
				ENABLE_NS_ASSERTIONS = NO;
				ENABLE_STRICT_OBJC_MSGSEND = YES;
				ENABLE_USER_SCRIPT_SANDBOXING = YES;
				GCC_C_LANGUAGE_STANDARD = gnu17;
				GCC_NO_COMMON_BLOCKS = YES;
				GCC_WARN_64_TO_32_BIT_CONVERSION = YES;
				GCC_WARN_ABOUT_RETURN_TYPE = YES_ERROR;
				GCC_WARN_UNDECLARED_SELECTOR = YES;
				GCC_WARN_UNINITIALIZED_AUTOS = YES_AGGRESSIVE;
				GCC_WARN_UNUSED_FUNCTION = YES;
				GCC_WARN_UNUSED_VARIABLE = YES;
				LOCALIZATION_PREFERS_STRING_CATALOGS = YES;
				MTL_ENABLE_DEBUG_INFO = NO;
				MTL_FAST_MATH = YES;
				SUPPORTED_PLATFORMS = "iphonesimulator iphoneos";
				SWIFT_COMPILATION_MODE = wholemodule;
			};
			name = Release;
		};
		AE5905E42BF670CE007B0E1F /* Debug */ = {
			isa = XCBuildConfiguration;
			buildSettings = {
				ASSETCATALOG_COMPILER_APPICON_NAME = AppIcon;
				ASSETCATALOG_COMPILER_GLOBAL_ACCENT_COLOR_NAME = AccentColor;
				CODE_SIGN_ENTITLEMENTS = TinyLlama/TinyLlama.entitlements;
				CODE_SIGN_STYLE = Automatic;
				CURRENT_PROJECT_VERSION = 1;
				DEVELOPMENT_ASSET_PATHS = "\"TinyLlama/Preview Content\"";
				DEVELOPMENT_TEAM = 5FGML4A9XS;
				ENABLE_HARDENED_RUNTIME = YES;
				ENABLE_PREVIEWS = YES;
				GENERATE_INFOPLIST_FILE = YES;
				INFOPLIST_FILE = TinyLlama/Info.plist;
				INFOPLIST_KEY_NSLocalNetworkUsageDescription = "${PRODUCT_NAME} uses the local network to discover Tiny Llama devices on your WiFi network.";
				"INFOPLIST_KEY_UIApplicationSceneManifest_Generation[sdk=iphoneos*]" = YES;
				"INFOPLIST_KEY_UIApplicationSceneManifest_Generation[sdk=iphonesimulator*]" = YES;
				"INFOPLIST_KEY_UIApplicationSupportsIndirectInputEvents[sdk=iphoneos*]" = YES;
				"INFOPLIST_KEY_UIApplicationSupportsIndirectInputEvents[sdk=iphonesimulator*]" = YES;
				"INFOPLIST_KEY_UILaunchScreen_Generation[sdk=iphoneos*]" = YES;
				"INFOPLIST_KEY_UILaunchScreen_Generation[sdk=iphonesimulator*]" = YES;
				"INFOPLIST_KEY_UIStatusBarStyle[sdk=iphoneos*]" = UIStatusBarStyleDefault;
				"INFOPLIST_KEY_UIStatusBarStyle[sdk=iphonesimulator*]" = UIStatusBarStyleDefault;
				INFOPLIST_KEY_UISupportedInterfaceOrientations_iPad = "UIInterfaceOrientationPortrait UIInterfaceOrientationPortraitUpsideDown UIInterfaceOrientationLandscapeLeft UIInterfaceOrientationLandscapeRight";
				INFOPLIST_KEY_UISupportedInterfaceOrientations_iPhone = "UIInterfaceOrientationPortrait UIInterfaceOrientationLandscapeLeft UIInterfaceOrientationLandscapeRight";
				IPHONEOS_DEPLOYMENT_TARGET = 17.0;
				LD_RUNPATH_SEARCH_PATHS = "@executable_path/Frameworks";
				"LD_RUNPATH_SEARCH_PATHS[sdk=macosx*]" = "@executable_path/../Frameworks";
				MACOSX_DEPLOYMENT_TARGET = 10.13;
				MARKETING_VERSION = 1.0;
				PRODUCT_BUNDLE_IDENTIFIER = InsightReactions.TinyLlama;
				PRODUCT_NAME = "$(TARGET_NAME)";
				SDKROOT = auto;
				SUPPORTED_PLATFORMS = "iphonesimulator iphoneos";
				SWIFT_EMIT_LOC_STRINGS = YES;
				SWIFT_VERSION = 5.0;
				TARGETED_DEVICE_FAMILY = "1,2";
			};
			name = Debug;
		};
		AE5905E52BF670CE007B0E1F /* Release */ = {
			isa = XCBuildConfiguration;
			buildSettings = {
				ASSETCATALOG_COMPILER_APPICON_NAME = AppIcon;
				ASSETCATALOG_COMPILER_GLOBAL_ACCENT_COLOR_NAME = AccentColor;
				CODE_SIGN_ENTITLEMENTS = TinyLlama/TinyLlama.entitlements;
				CODE_SIGN_STYLE = Automatic;
				CURRENT_PROJECT_VERSION = 1;
				DEVELOPMENT_ASSET_PATHS = "\"TinyLlama/Preview Content\"";
				DEVELOPMENT_TEAM = 5FGML4A9XS;
				ENABLE_HARDENED_RUNTIME = YES;
				ENABLE_PREVIEWS = YES;
				GENERATE_INFOPLIST_FILE = YES;
				INFOPLIST_FILE = TinyLlama/Info.plist;
				INFOPLIST_KEY_NSLocalNetworkUsageDescription = "${PRODUCT_NAME} uses the local network to discover Tiny Llama devices on your WiFi network.";
				"INFOPLIST_KEY_UIApplicationSceneManifest_Generation[sdk=iphoneos*]" = YES;
				"INFOPLIST_KEY_UIApplicationSceneManifest_Generation[sdk=iphonesimulator*]" = YES;
				"INFOPLIST_KEY_UIApplicationSupportsIndirectInputEvents[sdk=iphoneos*]" = YES;
				"INFOPLIST_KEY_UIApplicationSupportsIndirectInputEvents[sdk=iphonesimulator*]" = YES;
				"INFOPLIST_KEY_UILaunchScreen_Generation[sdk=iphoneos*]" = YES;
				"INFOPLIST_KEY_UILaunchScreen_Generation[sdk=iphonesimulator*]" = YES;
				"INFOPLIST_KEY_UIStatusBarStyle[sdk=iphoneos*]" = UIStatusBarStyleDefault;
				"INFOPLIST_KEY_UIStatusBarStyle[sdk=iphonesimulator*]" = UIStatusBarStyleDefault;
				INFOPLIST_KEY_UISupportedInterfaceOrientations_iPad = "UIInterfaceOrientationPortrait UIInterfaceOrientationPortraitUpsideDown UIInterfaceOrientationLandscapeLeft UIInterfaceOrientationLandscapeRight";
				INFOPLIST_KEY_UISupportedInterfaceOrientations_iPhone = "UIInterfaceOrientationPortrait UIInterfaceOrientationLandscapeLeft UIInterfaceOrientationLandscapeRight";
				IPHONEOS_DEPLOYMENT_TARGET = 17.0;
				LD_RUNPATH_SEARCH_PATHS = "@executable_path/Frameworks";
				"LD_RUNPATH_SEARCH_PATHS[sdk=macosx*]" = "@executable_path/../Frameworks";
				MACOSX_DEPLOYMENT_TARGET = 10.13;
				MARKETING_VERSION = 1.0;
				PRODUCT_BUNDLE_IDENTIFIER = InsightReactions.TinyLlama;
				PRODUCT_NAME = "$(TARGET_NAME)";
				SDKROOT = auto;
				SUPPORTED_PLATFORMS = "iphonesimulator iphoneos";
				SWIFT_EMIT_LOC_STRINGS = YES;
				SWIFT_VERSION = 5.0;
				TARGETED_DEVICE_FAMILY = "1,2";
			};
			name = Release;
		};
/* End XCBuildConfiguration section */

/* Begin XCConfigurationList section */
		AE5905B72BF670CD007B0E1F /* Build configuration list for PBXProject "TinyLlama" */ = {
			isa = XCConfigurationList;
			buildConfigurations = (
				AE5905E12BF670CE007B0E1F /* Debug */,
				AE5905E22BF670CE007B0E1F /* Release */,
			);
			defaultConfigurationIsVisible = 0;
			defaultConfigurationName = Release;
		};
		AE5905E32BF670CE007B0E1F /* Build configuration list for PBXNativeTarget "TinyLlama" */ = {
			isa = XCConfigurationList;
			buildConfigurations = (
				AE5905E42BF670CE007B0E1F /* Debug */,
				AE5905E52BF670CE007B0E1F /* Release */,
			);
			defaultConfigurationIsVisible = 0;
			defaultConfigurationName = Release;
		};
/* End XCConfigurationList section */

/* Begin XCRemoteSwiftPackageReference section */
		AE5905F32BF6B783007B0E1F /* XCRemoteSwiftPackageReference "swift-async-dns-resolver" */ = {
			isa = XCRemoteSwiftPackageReference;
			repositoryURL = "https://github.com/apple/swift-async-dns-resolver";
			requirement = {
				kind = upToNextMajorVersion;
				minimumVersion = 0.3.1;
			};
		};
/* End XCRemoteSwiftPackageReference section */

/* Begin XCSwiftPackageProductDependency section */
		AE5905F42BF6B783007B0E1F /* AsyncDNSResolver */ = {
			isa = XCSwiftPackageProductDependency;
			package = AE5905F32BF6B783007B0E1F /* XCRemoteSwiftPackageReference "swift-async-dns-resolver" */;
			productName = AsyncDNSResolver;
		};
/* End XCSwiftPackageProductDependency section */
	};
	rootObject = AE5905B42BF670CD007B0E1F /* Project object */;
}
